<Solution>
  <Folder Name="/src/">
    <Project Path="src/RockBandSpotify/RockBandSpotify.csproj" />
  </Folder>
  <Folder Name="/tests/">
    <Project Path="tests/RockBandSpotify.EndToEndTests/RockBandSpotify.EndToEndTests.csproj" />
    <Project Path="tests/RockBandSpotify.UnitTests/RockBandSpotify.UnitTests.csproj" />
  </Folder>
</Solution>
