<Solution>
  <Folder Name="/src/">
    <Project Path="src/RockBandSpotify/RockBandSpotify.csproj" />
  </Folder>
  <Folder Name="/tests/">
    <Project Path="tests/RockBandSpotify.E2E/RockBandSpotify.E2E.csproj" />
    <Project Path="tests/RockBandSpotify.Tests/RockBandSpotify.Tests.csproj" />
  </Folder>
</Solution>
